
Microsoft Visual Studio Solution File, Format Version 12.00
# Visual Studio 15
VisualStudioVersion = 15.0.25807.0
MinimumVisualStudioVersion = 10.0.40219.1
Project("{2150E333-8FDC-42A3-9474-1A3956D46DE8}") = "Engine", "Engine", "{2A20EC03-2908-4311-BF1F-6098D3AEC55B}"
EndProject
Project("{2150E333-8FDC-42A3-9474-1A3956D46DE8}") = "Games", "Games", "{D43E3341-B949-41CB-A3AF-E79604FCCBFB}"
EndProject
Project("{8BC9CEB8-8B4A-11D0-8D11-00A0C91BC942}") = "UE4", "Intermediate\ProjectFiles\UE4.vcxproj", "{F1EAD2BC-2C10-4009-9C63-0C43BF64097D}"
EndProject
Project("{8BC9CEB8-8B4A-11D0-8D11-00A0C91BC942}") = "goap_framework", "Intermediate\ProjectFiles\goap_framework.vcxproj", "{7564C282-B9FC-4CB1-8BA7-74F0991FB50C}"
EndProject
Global
	GlobalSection(SolutionConfigurationPlatforms) = preSolution
		DebugGame Editor|HTML5 = DebugGame Editor|HTML5
		DebugGame Editor|Win32 = DebugGame Editor|Win32
		DebugGame Editor|Win64 = DebugGame Editor|Win64
		DebugGame|HTML5 = DebugGame|HTML5
		DebugGame|Win32 = DebugGame|Win32
		DebugGame|Win64 = DebugGame|Win64
		Development Editor|HTML5 = Development Editor|HTML5
		Development Editor|Win32 = Development Editor|Win32
		Development Editor|Win64 = Development Editor|Win64
		Development|HTML5 = Development|HTML5
		Development|Win32 = Development|Win32
		Development|Win64 = Development|Win64
		Shipping|HTML5 = Shipping|HTML5
		Shipping|Win32 = Shipping|Win32
		Shipping|Win64 = Shipping|Win64
	EndGlobalSection
	GlobalSection(ProjectConfigurationPlatforms) = postSolution
		{F1EAD2BC-2C10-4009-9C63-0C43BF64097D}.DebugGame Editor|HTML5.ActiveCfg = BuiltWithUnrealBuildTool|Win32
		{F1EAD2BC-2C10-4009-9C63-0C43BF64097D}.DebugGame Editor|HTML5.Build.0 = BuiltWithUnrealBuildTool|Win32
		{F1EAD2BC-2C10-4009-9C63-0C43BF64097D}.DebugGame Editor|Win32.ActiveCfg = BuiltWithUnrealBuildTool|Win32
		{F1EAD2BC-2C10-4009-9C63-0C43BF64097D}.DebugGame Editor|Win32.Build.0 = BuiltWithUnrealBuildTool|Win32
		{F1EAD2BC-2C10-4009-9C63-0C43BF64097D}.DebugGame Editor|Win64.ActiveCfg = BuiltWithUnrealBuildTool|Win32
		{F1EAD2BC-2C10-4009-9C63-0C43BF64097D}.DebugGame Editor|Win64.Build.0 = BuiltWithUnrealBuildTool|Win32
		{F1EAD2BC-2C10-4009-9C63-0C43BF64097D}.DebugGame|HTML5.ActiveCfg = BuiltWithUnrealBuildTool|Win32
		{F1EAD2BC-2C10-4009-9C63-0C43BF64097D}.DebugGame|HTML5.Build.0 = BuiltWithUnrealBuildTool|Win32
		{F1EAD2BC-2C10-4009-9C63-0C43BF64097D}.DebugGame|Win32.ActiveCfg = BuiltWithUnrealBuildTool|Win32
		{F1EAD2BC-2C10-4009-9C63-0C43BF64097D}.DebugGame|Win32.Build.0 = BuiltWithUnrealBuildTool|Win32
		{F1EAD2BC-2C10-4009-9C63-0C43BF64097D}.DebugGame|Win64.ActiveCfg = BuiltWithUnrealBuildTool|Win32
		{F1EAD2BC-2C10-4009-9C63-0C43BF64097D}.DebugGame|Win64.Build.0 = BuiltWithUnrealBuildTool|Win32
		{F1EAD2BC-2C10-4009-9C63-0C43BF64097D}.Development Editor|HTML5.ActiveCfg = BuiltWithUnrealBuildTool|Win32
		{F1EAD2BC-2C10-4009-9C63-0C43BF64097D}.Development Editor|HTML5.Build.0 = BuiltWithUnrealBuildTool|Win32
		{F1EAD2BC-2C10-4009-9C63-0C43BF64097D}.Development Editor|Win32.ActiveCfg = BuiltWithUnrealBuildTool|Win32
		{F1EAD2BC-2C10-4009-9C63-0C43BF64097D}.Development Editor|Win32.Build.0 = BuiltWithUnrealBuildTool|Win32
		{F1EAD2BC-2C10-4009-9C63-0C43BF64097D}.Development Editor|Win64.ActiveCfg = BuiltWithUnrealBuildTool|Win32
		{F1EAD2BC-2C10-4009-9C63-0C43BF64097D}.Development Editor|Win64.Build.0 = BuiltWithUnrealBuildTool|Win32
		{F1EAD2BC-2C10-4009-9C63-0C43BF64097D}.Development|HTML5.ActiveCfg = BuiltWithUnrealBuildTool|Win32
		{F1EAD2BC-2C10-4009-9C63-0C43BF64097D}.Development|HTML5.Build.0 = BuiltWithUnrealBuildTool|Win32
		{F1EAD2BC-2C10-4009-9C63-0C43BF64097D}.Development|Win32.ActiveCfg = BuiltWithUnrealBuildTool|Win32
		{F1EAD2BC-2C10-4009-9C63-0C43BF64097D}.Development|Win32.Build.0 = BuiltWithUnrealBuildTool|Win32
		{F1EAD2BC-2C10-4009-9C63-0C43BF64097D}.Development|Win64.ActiveCfg = BuiltWithUnrealBuildTool|Win32
		{F1EAD2BC-2C10-4009-9C63-0C43BF64097D}.Development|Win64.Build.0 = BuiltWithUnrealBuildTool|Win32
		{F1EAD2BC-2C10-4009-9C63-0C43BF64097D}.Shipping|HTML5.ActiveCfg = BuiltWithUnrealBuildTool|Win32
		{F1EAD2BC-2C10-4009-9C63-0C43BF64097D}.Shipping|HTML5.Build.0 = BuiltWithUnrealBuildTool|Win32
		{F1EAD2BC-2C10-4009-9C63-0C43BF64097D}.Shipping|Win32.ActiveCfg = BuiltWithUnrealBuildTool|Win32
		{F1EAD2BC-2C10-4009-9C63-0C43BF64097D}.Shipping|Win32.Build.0 = BuiltWithUnrealBuildTool|Win32
		{F1EAD2BC-2C10-4009-9C63-0C43BF64097D}.Shipping|Win64.ActiveCfg = BuiltWithUnrealBuildTool|Win32
		{F1EAD2BC-2C10-4009-9C63-0C43BF64097D}.Shipping|Win64.Build.0 = BuiltWithUnrealBuildTool|Win32
		{7564C282-B9FC-4CB1-8BA7-74F0991FB50C}.DebugGame Editor|HTML5.ActiveCfg = HTML5_DebugGame_Editor|Win32
		{7564C282-B9FC-4CB1-8BA7-74F0991FB50C}.DebugGame Editor|Win32.ActiveCfg = DebugGame_Editor|Win32
		{7564C282-B9FC-4CB1-8BA7-74F0991FB50C}.DebugGame Editor|Win64.ActiveCfg = DebugGame_Editor|x64
		{7564C282-B9FC-4CB1-8BA7-74F0991FB50C}.DebugGame Editor|Win64.Build.0 = DebugGame_Editor|x64
		{7564C282-B9FC-4CB1-8BA7-74F0991FB50C}.DebugGame|HTML5.ActiveCfg = HTML5_DebugGame_Game|Win32
		{7564C282-B9FC-4CB1-8BA7-74F0991FB50C}.DebugGame|HTML5.Build.0 = HTML5_DebugGame_Game|Win32
		{7564C282-B9FC-4CB1-8BA7-74F0991FB50C}.DebugGame|Win32.ActiveCfg = DebugGame_Game|Win32
		{7564C282-B9FC-4CB1-8BA7-74F0991FB50C}.DebugGame|Win32.Build.0 = DebugGame_Game|Win32
		{7564C282-B9FC-4CB1-8BA7-74F0991FB50C}.DebugGame|Win64.ActiveCfg = DebugGame_Game|x64
		{7564C282-B9FC-4CB1-8BA7-74F0991FB50C}.DebugGame|Win64.Build.0 = DebugGame_Game|x64
		{7564C282-B9FC-4CB1-8BA7-74F0991FB50C}.Development Editor|HTML5.ActiveCfg = HTML5_Development_Editor|Win32
		{7564C282-B9FC-4CB1-8BA7-74F0991FB50C}.Development Editor|Win32.ActiveCfg = Development_Editor|Win32
		{7564C282-B9FC-4CB1-8BA7-74F0991FB50C}.Development Editor|Win64.ActiveCfg = Development_Editor|x64
		{7564C282-B9FC-4CB1-8BA7-74F0991FB50C}.Development Editor|Win64.Build.0 = Development_Editor|x64
		{7564C282-B9FC-4CB1-8BA7-74F0991FB50C}.Development|HTML5.ActiveCfg = HTML5_Development_Game|Win32
		{7564C282-B9FC-4CB1-8BA7-74F0991FB50C}.Development|HTML5.Build.0 = HTML5_Development_Game|Win32
		{7564C282-B9FC-4CB1-8BA7-74F0991FB50C}.Development|Win32.ActiveCfg = Development_Game|Win32
		{7564C282-B9FC-4CB1-8BA7-74F0991FB50C}.Development|Win32.Build.0 = Development_Game|Win32
		{7564C282-B9FC-4CB1-8BA7-74F0991FB50C}.Development|Win64.ActiveCfg = Development_Game|x64
		{7564C282-B9FC-4CB1-8BA7-74F0991FB50C}.Development|Win64.Build.0 = Development_Game|x64
		{7564C282-B9FC-4CB1-8BA7-74F0991FB50C}.Shipping|HTML5.ActiveCfg = HTML5_Shipping_Game|Win32
		{7564C282-B9FC-4CB1-8BA7-74F0991FB50C}.Shipping|HTML5.Build.0 = HTML5_Shipping_Game|Win32
		{7564C282-B9FC-4CB1-8BA7-74F0991FB50C}.Shipping|Win32.ActiveCfg = Shipping_Game|Win32
		{7564C282-B9FC-4CB1-8BA7-74F0991FB50C}.Shipping|Win32.Build.0 = Shipping_Game|Win32
		{7564C282-B9FC-4CB1-8BA7-74F0991FB50C}.Shipping|Win64.ActiveCfg = Shipping_Game|x64
		{7564C282-B9FC-4CB1-8BA7-74F0991FB50C}.Shipping|Win64.Build.0 = Shipping_Game|x64
	EndGlobalSection
	GlobalSection(SolutionProperties) = preSolution
		HideSolutionNode = FALSE
	EndGlobalSection
	GlobalSection(NestedProjects) = preSolution
		{F1EAD2BC-2C10-4009-9C63-0C43BF64097D} = {2A20EC03-2908-4311-BF1F-6098D3AEC55B}
		{7564C282-B9FC-4CB1-8BA7-74F0991FB50C} = {D43E3341-B949-41CB-A3AF-E79604FCCBFB}
	EndGlobalSection
	GlobalSection(ExtensibilityGlobals) = postSolution
		SolutionGuid = {D742E244-011D-4E20-BBED-F466F2ED105F}
	EndGlobalSection
EndGlobal
